
Microsoft Visual Studio Solution File, Format Version 9.00
# Visual Studio 2005
Project("{8BC9CEB8-8B4A-11D0-8D11-00A0C91BC942}") = "lib.ids", "lib.ids\lib.ids.vcproj", "{2EA02BA7-5341-4849-88AE-6E9452822DC9}"
EndProject
Project("{8BC9CEB8-8B4A-11D0-8D11-00A0C91BC942}") = "lib.wcpp.calls", "lib.wcpp.calls\lib.wcpp.calls.vcproj", "{6E9DC628-2204-4C94-A626-3BAD0BA6CE88}"
EndProject
Project("{8BC9CEB8-8B4A-11D0-8D11-00A0C91BC942}") = "lib.wcpp.io", "lib.wcpp.io\lib.wcpp.io.vcproj", "{27C7D33B-F50F-49AD-BCB4-B03A4186EB67}"
EndProject
Project("{8BC9CEB8-8B4A-11D0-8D11-00A0C91BC942}") = "lib.wcpp.lang", "lib.wcpp.lang\lib.wcpp.lang.vcproj", "{8511D39E-6630-411C-B3C5-BBFFF6D1E7AB}"
EndProject
Project("{8BC9CEB8-8B4A-11D0-8D11-00A0C91BC942}") = "lib.wcpp.lang.ref", "lib.wcpp.lang.ref\lib.wcpp.lang.ref.vcproj", "{367C76B3-9464-4B6A-85B6-B32AD1ABF44B}"
EndProject
Project("{8BC9CEB8-8B4A-11D0-8D11-00A0C91BC942}") = "lib.wcpp.lang.service", "lib.wcpp.lang.service\lib.wcpp.lang.service.vcproj", "{6219B448-2776-4E0D-A0EC-8ABC2623F926}"
EndProject
Project("{8BC9CEB8-8B4A-11D0-8D11-00A0C91BC942}") = "lib.wcpp.net", "lib.wcpp.net\lib.wcpp.net.vcproj", "{3F0C06AE-8F5C-4F08-8816-6D11A23A3DAC}"
EndProject
Project("{8BC9CEB8-8B4A-11D0-8D11-00A0C91BC942}") = "lib.wcpp.wscom", "lib.wcpp.wscom\lib.wcpp.wscom.vcproj", "{FEBA7A35-B69B-4237-8A9F-1F54A8A0D126}"
EndProject
Project("{8BC9CEB8-8B4A-11D0-8D11-00A0C91BC942}") = "lib.wcpp.wscom.main", "lib.wcpp.wscom.main\lib.wcpp.wscom.main.vcproj", "{E99B9FA0-04FA-419A-92AF-E35B236573F0}"
EndProject
Project("{8BC9CEB8-8B4A-11D0-8D11-00A0C91BC942}") = "lib.wcpp.wscom.sub", "lib.wcpp.wscom.sub\lib.wcpp.wscom.sub.vcproj", "{9233392C-B446-4B4D-8F23-687C538AFF3F}"
EndProject
Project("{8BC9CEB8-8B4A-11D0-8D11-00A0C91BC942}") = "lib.wcpp.wsdbg", "lib.wcpp.wsdbg\lib.wcpp.wsdbg.vcproj", "{6F7D9EC3-D266-4514-A677-75960CD48524}"
EndProject
Project("{8BC9CEB8-8B4A-11D0-8D11-00A0C91BC942}") = "lib.wcpp.wspr", "lib.wcpp.wspr\lib.wcpp.wspr.vcproj", "{97DDE133-5979-45E1-8DB2-3CD4E0A23668}"
EndProject
Project("{8BC9CEB8-8B4A-11D0-8D11-00A0C91BC942}") = "test.utest", "test.utest\test.utest.vcproj", "{35ED0EE2-0D10-4E7A-99C4-8863ED27ECE3}"
EndProject
Project("{8BC9CEB8-8B4A-11D0-8D11-00A0C91BC942}") = "test.utest.win32", "test.utest.win32\test.utest.win32.vcproj", "{A2F6752F-A395-4448-B39A-4AA9534E1130}"
	ProjectSection(ProjectDependencies) = postProject
		{6E9DC628-2204-4C94-A626-3BAD0BA6CE88} = {6E9DC628-2204-4C94-A626-3BAD0BA6CE88}
		{97DDE133-5979-45E1-8DB2-3CD4E0A23668} = {97DDE133-5979-45E1-8DB2-3CD4E0A23668}
		{FEBA7A35-B69B-4237-8A9F-1F54A8A0D126} = {FEBA7A35-B69B-4237-8A9F-1F54A8A0D126}
		{27C7D33B-F50F-49AD-BCB4-B03A4186EB67} = {27C7D33B-F50F-49AD-BCB4-B03A4186EB67}
		{6219B448-2776-4E0D-A0EC-8ABC2623F926} = {6219B448-2776-4E0D-A0EC-8ABC2623F926}
		{8511D39E-6630-411C-B3C5-BBFFF6D1E7AB} = {8511D39E-6630-411C-B3C5-BBFFF6D1E7AB}
		{E99B9FA0-04FA-419A-92AF-E35B236573F0} = {E99B9FA0-04FA-419A-92AF-E35B236573F0}
		{2EA02BA7-5341-4849-88AE-6E9452822DC9} = {2EA02BA7-5341-4849-88AE-6E9452822DC9}
		{367C76B3-9464-4B6A-85B6-B32AD1ABF44B} = {367C76B3-9464-4B6A-85B6-B32AD1ABF44B}
		{3721B0C2-783E-483D-94B2-8501428F0A05} = {3721B0C2-783E-483D-94B2-8501428F0A05}
		{35ED0EE2-0D10-4E7A-99C4-8863ED27ECE3} = {35ED0EE2-0D10-4E7A-99C4-8863ED27ECE3}
		{6F7D9EC3-D266-4514-A677-75960CD48524} = {6F7D9EC3-D266-4514-A677-75960CD48524}
	EndProjectSection
EndProject
Project("{8BC9CEB8-8B4A-11D0-8D11-00A0C91BC942}") = "lib.net.worldscale.pimap", "lib.net.worldscale.pimap\lib.net.worldscale.pimap.vcproj", "{87A899D7-0414-42DD-ACDA-68F6694867D5}"
EndProject
Project("{8BC9CEB8-8B4A-11D0-8D11-00A0C91BC942}") = "lib.net.worldscale.pimap.client", "lib.net.worldscale.pimap.client\lib.net.worldscale.pimap.client.vcproj", "{F43CA571-9739-4FD2-A658-2C9DF30A2644}"
EndProject
Project("{8BC9CEB8-8B4A-11D0-8D11-00A0C91BC942}") = "lib.net.worldscale.pimap.server", "lib.net.worldscale.pimap.server\lib.net.worldscale.pimap.server.vcproj", "{D503789E-EDDD-4E6D-A88C-E9FA8C995E30}"
EndProject
Project("{8BC9CEB8-8B4A-11D0-8D11-00A0C91BC942}") = "sub.pimap.win32", "sub.pimap.win32\sub.pimap.win32.vcproj", "{2049C8D1-F31E-4A3E-A2C3-909C5566F381}"
	ProjectSection(ProjectDependencies) = postProject
		{9233392C-B446-4B4D-8F23-687C538AFF3F} = {9233392C-B446-4B4D-8F23-687C538AFF3F}
		{97DDE133-5979-45E1-8DB2-3CD4E0A23668} = {97DDE133-5979-45E1-8DB2-3CD4E0A23668}
		{FEBA7A35-B69B-4237-8A9F-1F54A8A0D126} = {FEBA7A35-B69B-4237-8A9F-1F54A8A0D126}
		{F43CA571-9739-4FD2-A658-2C9DF30A2644} = {F43CA571-9739-4FD2-A658-2C9DF30A2644}
		{D503789E-EDDD-4E6D-A88C-E9FA8C995E30} = {D503789E-EDDD-4E6D-A88C-E9FA8C995E30}
		{8511D39E-6630-411C-B3C5-BBFFF6D1E7AB} = {8511D39E-6630-411C-B3C5-BBFFF6D1E7AB}
		{3A7A7DA5-424F-442A-9424-30CE2A0BE623} = {3A7A7DA5-424F-442A-9424-30CE2A0BE623}
		{2EA02BA7-5341-4849-88AE-6E9452822DC9} = {2EA02BA7-5341-4849-88AE-6E9452822DC9}
		{87A899D7-0414-42DD-ACDA-68F6694867D5} = {87A899D7-0414-42DD-ACDA-68F6694867D5}
		{6F7D9EC3-D266-4514-A677-75960CD48524} = {6F7D9EC3-D266-4514-A677-75960CD48524}
		{3721B0C2-783E-483D-94B2-8501428F0A05} = {3721B0C2-783E-483D-94B2-8501428F0A05}
	EndProjectSection
EndProject
Project("{8BC9CEB8-8B4A-11D0-8D11-00A0C91BC942}") = "sub.pimap", "sub.pimap\sub.pimap.vcproj", "{3A7A7DA5-424F-442A-9424-30CE2A0BE623}"
EndProject
Project("{8BC9CEB8-8B4A-11D0-8D11-00A0C91BC942}") = "sub.network", "sub.network\sub.network.vcproj", "{2E9303B5-BDE8-44C8-9893-1071E61D2A4D}"
EndProject
Project("{8BC9CEB8-8B4A-11D0-8D11-00A0C91BC942}") = "sub.network.win32", "sub.network.win32\sub.network.win32.vcproj", "{62049F79-E79B-448F-AE8C-90E637AE77BC}"
	ProjectSection(ProjectDependencies) = postProject
		{3F0C06AE-8F5C-4F08-8816-6D11A23A3DAC} = {3F0C06AE-8F5C-4F08-8816-6D11A23A3DAC}
		{2EA02BA7-5341-4849-88AE-6E9452822DC9} = {2EA02BA7-5341-4849-88AE-6E9452822DC9}
		{8511D39E-6630-411C-B3C5-BBFFF6D1E7AB} = {8511D39E-6630-411C-B3C5-BBFFF6D1E7AB}
		{97DDE133-5979-45E1-8DB2-3CD4E0A23668} = {97DDE133-5979-45E1-8DB2-3CD4E0A23668}
		{9233392C-B446-4B4D-8F23-687C538AFF3F} = {9233392C-B446-4B4D-8F23-687C538AFF3F}
		{3721B0C2-783E-483D-94B2-8501428F0A05} = {3721B0C2-783E-483D-94B2-8501428F0A05}
		{FEBA7A35-B69B-4237-8A9F-1F54A8A0D126} = {FEBA7A35-B69B-4237-8A9F-1F54A8A0D126}
		{6F7D9EC3-D266-4514-A677-75960CD48524} = {6F7D9EC3-D266-4514-A677-75960CD48524}
		{2E9303B5-BDE8-44C8-9893-1071E61D2A4D} = {2E9303B5-BDE8-44C8-9893-1071E61D2A4D}
	EndProjectSection
EndProject
Project("{8BC9CEB8-8B4A-11D0-8D11-00A0C91BC942}") = "lib.wcpp.lang.helper", "lib.wcpp.lang.helper\lib.wcpp.lang.helper.vcproj", "{3721B0C2-783E-483D-94B2-8501428F0A05}"
EndProject
Global
	GlobalSection(SolutionConfigurationPlatforms) = preSolution
		Debug|Win32 = Debug|Win32
		Release|Win32 = Release|Win32
	EndGlobalSection
	GlobalSection(ProjectConfigurationPlatforms) = postSolution
		{2EA02BA7-5341-4849-88AE-6E9452822DC9}.Debug|Win32.ActiveCfg = Debug|Win32
		{2EA02BA7-5341-4849-88AE-6E9452822DC9}.Debug|Win32.Build.0 = Debug|Win32
		{2EA02BA7-5341-4849-88AE-6E9452822DC9}.Release|Win32.ActiveCfg = Release|Win32
		{2EA02BA7-5341-4849-88AE-6E9452822DC9}.Release|Win32.Build.0 = Release|Win32
		{6E9DC628-2204-4C94-A626-3BAD0BA6CE88}.Debug|Win32.ActiveCfg = Debug|Win32
		{6E9DC628-2204-4C94-A626-3BAD0BA6CE88}.Debug|Win32.Build.0 = Debug|Win32
		{6E9DC628-2204-4C94-A626-3BAD0BA6CE88}.Release|Win32.ActiveCfg = Release|Win32
		{6E9DC628-2204-4C94-A626-3BAD0BA6CE88}.Release|Win32.Build.0 = Release|Win32
		{27C7D33B-F50F-49AD-BCB4-B03A4186EB67}.Debug|Win32.ActiveCfg = Debug|Win32
		{27C7D33B-F50F-49AD-BCB4-B03A4186EB67}.Debug|Win32.Build.0 = Debug|Win32
		{27C7D33B-F50F-49AD-BCB4-B03A4186EB67}.Release|Win32.ActiveCfg = Release|Win32
		{27C7D33B-F50F-49AD-BCB4-B03A4186EB67}.Release|Win32.Build.0 = Release|Win32
		{8511D39E-6630-411C-B3C5-BBFFF6D1E7AB}.Debug|Win32.ActiveCfg = Debug|Win32
		{8511D39E-6630-411C-B3C5-BBFFF6D1E7AB}.Debug|Win32.Build.0 = Debug|Win32
		{8511D39E-6630-411C-B3C5-BBFFF6D1E7AB}.Release|Win32.ActiveCfg = Release|Win32
		{8511D39E-6630-411C-B3C5-BBFFF6D1E7AB}.Release|Win32.Build.0 = Release|Win32
		{367C76B3-9464-4B6A-85B6-B32AD1ABF44B}.Debug|Win32.ActiveCfg = Debug|Win32
		{367C76B3-9464-4B6A-85B6-B32AD1ABF44B}.Debug|Win32.Build.0 = Debug|Win32
		{367C76B3-9464-4B6A-85B6-B32AD1ABF44B}.Release|Win32.ActiveCfg = Release|Win32
		{367C76B3-9464-4B6A-85B6-B32AD1ABF44B}.Release|Win32.Build.0 = Release|Win32
		{6219B448-2776-4E0D-A0EC-8ABC2623F926}.Debug|Win32.ActiveCfg = Debug|Win32
		{6219B448-2776-4E0D-A0EC-8ABC2623F926}.Debug|Win32.Build.0 = Debug|Win32
		{6219B448-2776-4E0D-A0EC-8ABC2623F926}.Release|Win32.ActiveCfg = Release|Win32
		{6219B448-2776-4E0D-A0EC-8ABC2623F926}.Release|Win32.Build.0 = Release|Win32
		{3F0C06AE-8F5C-4F08-8816-6D11A23A3DAC}.Debug|Win32.ActiveCfg = Debug|Win32
		{3F0C06AE-8F5C-4F08-8816-6D11A23A3DAC}.Debug|Win32.Build.0 = Debug|Win32
		{3F0C06AE-8F5C-4F08-8816-6D11A23A3DAC}.Release|Win32.ActiveCfg = Release|Win32
		{3F0C06AE-8F5C-4F08-8816-6D11A23A3DAC}.Release|Win32.Build.0 = Release|Win32
		{FEBA7A35-B69B-4237-8A9F-1F54A8A0D126}.Debug|Win32.ActiveCfg = Debug|Win32
		{FEBA7A35-B69B-4237-8A9F-1F54A8A0D126}.Debug|Win32.Build.0 = Debug|Win32
		{FEBA7A35-B69B-4237-8A9F-1F54A8A0D126}.Release|Win32.ActiveCfg = Release|Win32
		{FEBA7A35-B69B-4237-8A9F-1F54A8A0D126}.Release|Win32.Build.0 = Release|Win32
		{E99B9FA0-04FA-419A-92AF-E35B236573F0}.Debug|Win32.ActiveCfg = Debug|Win32
		{E99B9FA0-04FA-419A-92AF-E35B236573F0}.Debug|Win32.Build.0 = Debug|Win32
		{E99B9FA0-04FA-419A-92AF-E35B236573F0}.Release|Win32.ActiveCfg = Release|Win32
		{E99B9FA0-04FA-419A-92AF-E35B236573F0}.Release|Win32.Build.0 = Release|Win32
		{9233392C-B446-4B4D-8F23-687C538AFF3F}.Debug|Win32.ActiveCfg = Debug|Win32
		{9233392C-B446-4B4D-8F23-687C538AFF3F}.Debug|Win32.Build.0 = Debug|Win32
		{9233392C-B446-4B4D-8F23-687C538AFF3F}.Release|Win32.ActiveCfg = Release|Win32
		{9233392C-B446-4B4D-8F23-687C538AFF3F}.Release|Win32.Build.0 = Release|Win32
		{6F7D9EC3-D266-4514-A677-75960CD48524}.Debug|Win32.ActiveCfg = Debug|Win32
		{6F7D9EC3-D266-4514-A677-75960CD48524}.Debug|Win32.Build.0 = Debug|Win32
		{6F7D9EC3-D266-4514-A677-75960CD48524}.Release|Win32.ActiveCfg = Release|Win32
		{6F7D9EC3-D266-4514-A677-75960CD48524}.Release|Win32.Build.0 = Release|Win32
		{97DDE133-5979-45E1-8DB2-3CD4E0A23668}.Debug|Win32.ActiveCfg = Debug|Win32
		{97DDE133-5979-45E1-8DB2-3CD4E0A23668}.Debug|Win32.Build.0 = Debug|Win32
		{97DDE133-5979-45E1-8DB2-3CD4E0A23668}.Release|Win32.ActiveCfg = Release|Win32
		{97DDE133-5979-45E1-8DB2-3CD4E0A23668}.Release|Win32.Build.0 = Release|Win32
		{35ED0EE2-0D10-4E7A-99C4-8863ED27ECE3}.Debug|Win32.ActiveCfg = Debug|Win32
		{35ED0EE2-0D10-4E7A-99C4-8863ED27ECE3}.Debug|Win32.Build.0 = Debug|Win32
		{35ED0EE2-0D10-4E7A-99C4-8863ED27ECE3}.Release|Win32.ActiveCfg = Release|Win32
		{35ED0EE2-0D10-4E7A-99C4-8863ED27ECE3}.Release|Win32.Build.0 = Release|Win32
		{A2F6752F-A395-4448-B39A-4AA9534E1130}.Debug|Win32.ActiveCfg = Debug|Win32
		{A2F6752F-A395-4448-B39A-4AA9534E1130}.Debug|Win32.Build.0 = Debug|Win32
		{A2F6752F-A395-4448-B39A-4AA9534E1130}.Release|Win32.ActiveCfg = Release|Win32
		{A2F6752F-A395-4448-B39A-4AA9534E1130}.Release|Win32.Build.0 = Release|Win32
		{87A899D7-0414-42DD-ACDA-68F6694867D5}.Debug|Win32.ActiveCfg = Debug|Win32
		{87A899D7-0414-42DD-ACDA-68F6694867D5}.Debug|Win32.Build.0 = Debug|Win32
		{87A899D7-0414-42DD-ACDA-68F6694867D5}.Release|Win32.ActiveCfg = Release|Win32
		{87A899D7-0414-42DD-ACDA-68F6694867D5}.Release|Win32.Build.0 = Release|Win32
		{F43CA571-9739-4FD2-A658-2C9DF30A2644}.Debug|Win32.ActiveCfg = Debug|Win32
		{F43CA571-9739-4FD2-A658-2C9DF30A2644}.Debug|Win32.Build.0 = Debug|Win32
		{F43CA571-9739-4FD2-A658-2C9DF30A2644}.Release|Win32.ActiveCfg = Release|Win32
		{F43CA571-9739-4FD2-A658-2C9DF30A2644}.Release|Win32.Build.0 = Release|Win32
		{D503789E-EDDD-4E6D-A88C-E9FA8C995E30}.Debug|Win32.ActiveCfg = Debug|Win32
		{D503789E-EDDD-4E6D-A88C-E9FA8C995E30}.Debug|Win32.Build.0 = Debug|Win32
		{D503789E-EDDD-4E6D-A88C-E9FA8C995E30}.Release|Win32.ActiveCfg = Release|Win32
		{D503789E-EDDD-4E6D-A88C-E9FA8C995E30}.Release|Win32.Build.0 = Release|Win32
		{2049C8D1-F31E-4A3E-A2C3-909C5566F381}.Debug|Win32.ActiveCfg = Debug|Win32
		{2049C8D1-F31E-4A3E-A2C3-909C5566F381}.Debug|Win32.Build.0 = Debug|Win32
		{2049C8D1-F31E-4A3E-A2C3-909C5566F381}.Release|Win32.ActiveCfg = Release|Win32
		{2049C8D1-F31E-4A3E-A2C3-909C5566F381}.Release|Win32.Build.0 = Release|Win32
		{3A7A7DA5-424F-442A-9424-30CE2A0BE623}.Debug|Win32.ActiveCfg = Debug|Win32
		{3A7A7DA5-424F-442A-9424-30CE2A0BE623}.Debug|Win32.Build.0 = Debug|Win32
		{3A7A7DA5-424F-442A-9424-30CE2A0BE623}.Release|Win32.ActiveCfg = Release|Win32
		{3A7A7DA5-424F-442A-9424-30CE2A0BE623}.Release|Win32.Build.0 = Release|Win32
		{2E9303B5-BDE8-44C8-9893-1071E61D2A4D}.Debug|Win32.ActiveCfg = Debug|Win32
		{2E9303B5-BDE8-44C8-9893-1071E61D2A4D}.Debug|Win32.Build.0 = Debug|Win32
		{2E9303B5-BDE8-44C8-9893-1071E61D2A4D}.Release|Win32.ActiveCfg = Release|Win32
		{2E9303B5-BDE8-44C8-9893-1071E61D2A4D}.Release|Win32.Build.0 = Release|Win32
		{62049F79-E79B-448F-AE8C-90E637AE77BC}.Debug|Win32.ActiveCfg = Debug|Win32
		{62049F79-E79B-448F-AE8C-90E637AE77BC}.Debug|Win32.Build.0 = Debug|Win32
		{62049F79-E79B-448F-AE8C-90E637AE77BC}.Release|Win32.ActiveCfg = Release|Win32
		{62049F79-E79B-448F-AE8C-90E637AE77BC}.Release|Win32.Build.0 = Release|Win32
		{3721B0C2-783E-483D-94B2-8501428F0A05}.Debug|Win32.ActiveCfg = Debug|Win32
		{3721B0C2-783E-483D-94B2-8501428F0A05}.Debug|Win32.Build.0 = Debug|Win32
		{3721B0C2-783E-483D-94B2-8501428F0A05}.Release|Win32.ActiveCfg = Release|Win32
		{3721B0C2-783E-483D-94B2-8501428F0A05}.Release|Win32.Build.0 = Release|Win32
	EndGlobalSection
	GlobalSection(SolutionProperties) = preSolution
		HideSolutionNode = FALSE
	EndGlobalSection
EndGlobal
